<?xml version="1.0" encoding="utf-8"?>
<Project ToolsVersion="4.0" xmlns="http://schemas.microsoft.com/developer/msbuild/2003">
  <ItemGroup>
    <Filter Include="Source Files">
      <UniqueIdentifier>{4FC737F1-C7A5-4376-A066-2A32D752A2FF}</UniqueIdentifier>
      <Extensions>cpp;c;cc;cxx;def;odl;idl;hpj;bat;asm;asmx</Extensions>
    </Filter>
    <Filter Include="Header Files">
      <UniqueIdentifier>{93995380-89BD-4b04-88EB-625FBE52EBFB}</UniqueIdentifier>
      <Extensions>h;hpp;hxx;hm;inl;inc;xsd</Extensions>
    </Filter>
    <Filter Include="Resource Files">
      <UniqueIdentifier>{67DA6AB6-F800-4c08-8B7A-83BB121AAD01}</UniqueIdentifier>
      <Extensions>rc;ico;cur;bmp;dlg;rc2;rct;bin;rgs;gif;jpg;jpeg;jpe;resx;tiff;tif;png;wav;mfcribbon-ms</Extensions>
    </Filter>
  </ItemGroup>
  <ItemGroup>
    <ClCompile Include="AV_DllMain.cpp">
      <Filter>Source Files</Filter>
    </ClCompile>
    <ClCompile Include="AV_Global.cpp">
      <Filter>Source Files</Filter>
    </ClCompile>
    <ClCompile Include="AV_Interface.cpp">
      <Filter>Source Files</Filter>
    </ClCompile>
    <ClCompile Include="AV_UploadFile.cpp">
      <Filter>Source Files</Filter>
    </ClCompile>
    <ClCompile Include="AV_VoiceItem.cpp">
      <Filter>Source Files</Filter>
    </ClCompile>
    <ClCompile Include="AV_VoiceManager.cpp">
      <Filter>Source Files</Filter>
    </ClCompile>
    <ClCompile Include="AV_VoiceRecorder.cpp">
      <Filter>Source Files</Filter>
    </ClCompile>
    <ClCompile Include="stdafx.cpp">
      <Filter>Source Files</Filter>
    </ClCompile>
    <ClCompile Include="md5.c">
      <Filter>Source Files</Filter>
    </ClCompile>
    <ClCompile Include="AV_Util.cpp">
      <Filter>Source Files</Filter>
    </ClCompile>
    <ClCompile Include="axvoice_wrap.cxx">
      <Filter>Source Files</Filter>
    </ClCompile>
    <ClCompile Include="AV_DownloadFile.cpp">
      <Filter>Source Files</Filter>
    </ClCompile>
    <ClCompile Include="AV_VoicePlayer.cpp">
      <Filter>Source Files</Filter>
    </ClCompile>
    <ClCompile Include="WaveLib.c">
      <Filter>Source Files</Filter>
    </ClCompile>
    <ClCompile Include="AV_OpenCoreWrap.cpp">
      <Filter>Source Files</Filter>
    </ClCompile>
    <ClCompile Include="AxTrace.c">
      <Filter>Source Files</Filter>
    </ClCompile>
    <ClCompile Include="AV_MessageQueue.cpp">
      <Filter>Source Files</Filter>
    </ClCompile>
  </ItemGroup>
  <ItemGroup>
    <ClInclude Include="AV_Global.h">
      <Filter>Header Files</Filter>
    </ClInclude>
    <ClInclude Include="AV_Interface.h">
      <Filter>Header Files</Filter>
    </ClInclude>
    <ClInclude Include="AV_UploadFile.h">
      <Filter>Header Files</Filter>
    </ClInclude>
    <ClInclude Include="AV_VoiceItem.h">
      <Filter>Header Files</Filter>
    </ClInclude>
    <ClInclude Include="AV_VoiceManager.h">
      <Filter>Header Files</Filter>
    </ClInclude>
    <ClInclude Include="AV_VoiceRecorder.h">
      <Filter>Header Files</Filter>
    </ClInclude>
    <ClInclude Include="stdafx.h">
      <Filter>Header Files</Filter>
    </ClInclude>
    <ClInclude Include="md5.h">
      <Filter>Header Files</Filter>
    </ClInclude>
    <ClInclude Include="AV_Util.h">
      <Filter>Header Files</Filter>
    </ClInclude>
    <ClInclude Include="axvoice_wrap.h">
      <Filter>Header Files</Filter>
    </ClInclude>
    <ClInclude Include="AV_DownloadFile.h">
      <Filter>Header Files</Filter>
    </ClInclude>
    <ClInclude Include="AV_VoicePlayer.h">
      <Filter>Header Files</Filter>
    </ClInclude>
    <ClInclude Include="wavelib.h">
      <Filter>Header Files</Filter>
    </ClInclude>
    <ClInclude Include="AV_OpenCoreWrap.h">
      <Filter>Header Files</Filter>
    </ClInclude>
    <ClInclude Include="AxTrace.h">
      <Filter>Header Files</Filter>
    </ClInclude>
    <ClInclude Include="AV_MessageQueue.h">
      <Filter>Header Files</Filter>
    </ClInclude>
    <ClInclude Include="resource.h">
      <Filter>Header Files</Filter>
    </ClInclude>
  </ItemGroup>
  <ItemGroup>
    <None Include="axvoice.def">
      <Filter>Source Files</Filter>
    </None>
  </ItemGroup>
  <ItemGroup>
    <ResourceCompile Include="axvoice.rc">
      <Filter>Resource Files</Filter>
    </ResourceCompile>
  </ItemGroup>
</Project>